{
  "name": "mp3sort",
  "version": "1.0.0",
  "lockfileVersion": 1,
  "requires": true,
  "dependencies": {
    "content-type": {
      "version": "1.0.4",
      "resolved": "https://registry.npmjs.org/content-type/-/content-type-1.0.4.tgz",
      "integrity": "sha512-hIP3EEPs8tB9AT1L+NUqtwOAps4mk2Zob89MWXMHjHWg9milF/j4osnnQLXBCBFBk/tvIG/tUc9mOUJiPBhPXA=="
    },
    "debug": {
      "version": "4.1.1",
      "resolved": "https://registry.npmjs.org/debug/-/debug-4.1.1.tgz",
      "integrity": "sha512-pYAIzeRo8J6KPEaJ0VWOh5Pzkbw/RetuzehGM7QRRX5he4fPHx2rdKMB256ehJCkX+XRQm16eZLqLNS8RSZXZw==",
      "requires": {
        "ms": "^2.1.1"
      }
    },
    "file-type": {
      "version": "12.4.0",
      "resolved": "https://registry.npmjs.org/file-type/-/file-type-12.4.0.tgz",
      "integrity": "sha512-WTvyKq8yjtNmUtVAD8LGcTkvtCdJglM6ks2HTqEClm6+65XTqM6MoZYA1Vtra50DLRWLiM38fEs1y56f5VhnUA=="
    },
    "media-typer": {
      "version": "1.1.0",
      "resolved": "https://registry.npmjs.org/media-typer/-/media-typer-1.1.0.tgz",
      "integrity": "sha512-aisnrDP4GNe06UcKFnV5bfMNPBUw4jsLGaWwWfnH3v02GnBuXX2MCVn5RbrWo0j3pczUilYblq7fQ7Nw2t5XKw=="
    },
    "ms": {
      "version": "2.1.2",
      "resolved": "https://registry.npmjs.org/ms/-/ms-2.1.2.tgz",
      "integrity": "sha512-sGkPx+VjMtmA6MX27oA4FBFELFCZZ4S4XqeGOXCv68tT+jb3vk/RyaKWP0PTKyWtmLSM0b+adUTEvbs1PEaH2w=="
    },
    "music-metadata": {
      "version": "5.0.1",
      "resolved": "https://registry.npmjs.org/music-metadata/-/music-metadata-5.0.1.tgz",
      "integrity": "sha512-LFqfMkb/NhTZv21KZckPdUNoiNPgRl8cF2Qid0CThaoNBPCy+8RuYh0MaAQQoEbzt+RbIGz2ctzv8TPoiNv7kw==",
      "requires": {
        "content-type": "1.0.4",
        "debug": "4.1.1",
        "file-type": "12.4.0",
        "media-typer": "1.1.0",
        "strtok3": "3.1.2",
        "token-types": "1.1.0"
      }
    },
    "strtok3": {
      "version": "3.1.2",
      "resolved": "https://registry.npmjs.org/strtok3/-/strtok3-3.1.2.tgz",
      "integrity": "sha512-dwzaZhSHdZUWqXAhaw53Wx+2g86C2dbOm0ZmWoKuhRx+Zr3qxa0+NRQpVni6br71UXWPq3f94khwJSH7AEGl/Q==",
      "requires": {
        "debug": "4.1.1",
        "then-read-stream": "2.0.8",
        "token-types": "1.1.0"
      }
    },
    "then-read-stream": {
      "version": "2.0.8",
      "resolved": "https://registry.npmjs.org/then-read-stream/-/then-read-stream-2.0.8.tgz",
      "integrity": "sha512-OIQn3/zF2J/gp6mAQTbBb1AR+3yoSRqjaij0gGnEUcTl93T840mWIZ9sJWwubjwP7VUDwJpT+Tdl7T9RrQmMlw=="
    },
    "token-types": {
      "version": "1.1.0",
      "resolved": "https://registry.npmjs.org/token-types/-/token-types-1.1.0.tgz",
      "integrity": "sha512-CgM5GmtJaZ+uTOiZHzs9pwUa/udjEVl/cxQ2KGpl88Hh7k71sdBz9j95dYjx83O68B6CGvefm29l4rBZq1PeuQ=="
    }
  }
}
